PODS:
  - 500px-iOS-api (1.0.4)
  - libextobjc (0.3):
    - libextobjc/EXTADT (= 0.3)
    - libextobjc/EXTAnnotation (= 0.3)
    - libextobjc/EXTAspect (= 0.3)
    - libextobjc/EXTBlockMethod (= 0.3)
    - libextobjc/EXTBlockTarget (= 0.3)
    - libextobjc/EXTConcreteProtocol (= 0.3)
    - libextobjc/EXTDispatchObject (= 0.3)
    - libextobjc/EXTFinalMethod (= 0.3)
    - libextobjc/EXTKeyPathCoding (= 0.3)
    - libextobjc/EXTMaybe (= 0.3)
    - libextobjc/EXTMixin (= 0.3)
    - libextobjc/EXTMultimethod (= 0.3)
    - libextobjc/EXTMultiObject (= 0.3)
    - libextobjc/EXTNil (= 0.3)
    - libextobjc/EXTPassthrough (= 0.3)
    - libextobjc/EXTPrivateMethod (= 0.3)
    - libextobjc/EXTProtocolCategory (= 0.3)
    - libextobjc/EXTSafeCategory (= 0.3)
    - libextobjc/EXTScope (= 0.3)
    - libextobjc/EXTSelectorChecking (= 0.3)
    - libextobjc/EXTSwizzle (= 0.3)
    - libextobjc/EXTSynthesize (= 0.3)
    - libextobjc/EXTTuple (= 0.3)
    - libextobjc/EXTVarargs (= 0.3)
    - libextobjc/NSInvocation+EXT (= 0.3)
    - libextobjc/NSMethodSignature+EXT (= 0.3)
    - libextobjc/RuntimeExtensions (= 0.3)
    - libextobjc/UmbrellaHeader (= 0.3)
  - libextobjc/EXTADT (0.3):
    - libextobjc/RuntimeExtensions
  - libextobjc/EXTAnnotation (0.3):
    - libextobjc/RuntimeExtensions
  - libextobjc/EXTAspect (0.3):
    - libextobjc/RuntimeExtensions
    - libffi
  - libextobjc/EXTBlockMethod (0.3):
    - libextobjc/RuntimeExtensions
  - libextobjc/EXTBlockTarget (0.3):
    - libextobjc/RuntimeExtensions
  - libextobjc/EXTConcreteProtocol (0.3):
    - libextobjc/RuntimeExtensions
  - libextobjc/EXTDispatchObject (0.3):
    - libextobjc/RuntimeExtensions
  - libextobjc/EXTFinalMethod (0.3):
    - libextobjc/RuntimeExtensions
  - libextobjc/EXTKeyPathCoding (0.3):
    - libextobjc/RuntimeExtensions
  - libextobjc/EXTMaybe (0.3):
    - libextobjc/RuntimeExtensions
  - libextobjc/EXTMixin (0.3):
    - libextobjc/RuntimeExtensions
  - libextobjc/EXTMultimethod (0.3):
    - libextobjc/RuntimeExtensions
  - libextobjc/EXTMultiObject (0.3):
    - libextobjc/RuntimeExtensions
  - libextobjc/EXTNil (0.3):
    - libextobjc/RuntimeExtensions
  - libextobjc/EXTPassthrough (0.3):
    - libextobjc/RuntimeExtensions
  - libextobjc/EXTPrivateMethod (0.3):
    - libextobjc/RuntimeExtensions
  - libextobjc/EXTProtocolCategory (0.3):
    - libextobjc/RuntimeExtensions
  - libextobjc/EXTSafeCategory (0.3):
    - libextobjc/RuntimeExtensions
  - libextobjc/EXTScope (0.3):
    - libextobjc/RuntimeExtensions
  - libextobjc/EXTSelectorChecking (0.3):
    - libextobjc/RuntimeExtensions
  - libextobjc/EXTSwizzle (0.3):
    - libextobjc/RuntimeExtensions
  - libextobjc/EXTSynthesize (0.3):
    - libextobjc/RuntimeExtensions
  - libextobjc/EXTTuple (0.3):
    - libextobjc/RuntimeExtensions
  - libextobjc/EXTVarargs (0.3):
    - libextobjc/RuntimeExtensions
  - libextobjc/NSInvocation+EXT (0.3):
    - libextobjc/RuntimeExtensions
  - libextobjc/NSMethodSignature+EXT (0.3):
    - libextobjc/RuntimeExtensions
  - libextobjc/RuntimeExtensions (0.3)
  - libextobjc/UmbrellaHeader (0.3)
  - libffi (3.0.13)
  - ReactiveCocoa (2.5):
    - ReactiveCocoa/UI (= 2.5)
  - ReactiveCocoa/Core (2.5):
    - ReactiveCocoa/no-arc
  - ReactiveCocoa/no-arc (2.5)
  - ReactiveCocoa/UI (2.5):
    - ReactiveCocoa/Core
  - SVProgressHUD (0.9)

DEPENDENCIES:
  - 500px-iOS-api (= 1.0.4)
  - libextobjc (= 0.3)
  - ReactiveCocoa (= 2.5)
  - SVProgressHUD (= 0.9)

SPEC CHECKSUMS:
  500px-iOS-api: e1b28eaf9f389d5e9d694a19776b6f4937a7a6da
  libextobjc: 34cd4e77070160a3fa910db193e1e194e8591aa2
  libffi: 1f65dbbdb2c88491c06640dd3bb96030070ca97c
  ReactiveCocoa: e2db045570aa97c695e7aa97c2bcab222ae51f4a
  SVProgressHUD: 7038ae9d6a0bd2c87560d2699eba642eef82d41e

COCOAPODS: 0.39.0
