PODS:
  - 500px-iOS-api (1.0.4)
  - ReactiveCocoa (2.1.4):
    - ReactiveCocoa/Core (= 2.1.4)
    - ReactiveCocoa/no-arc (= 2.1.4)
  - ReactiveCocoa/Core (2.1.4):
    - ReactiveCocoa/no-arc
  - ReactiveCocoa/no-arc (2.1.4)
  - SVProgressHUD (0.9)

DEPENDENCIES:
  - 500px-iOS-api (= 1.0.4)
  - ReactiveCocoa (= 2.1.4)
  - SVProgressHUD (= 0.9)

SPEC CHECKSUMS:
  500px-iOS-api: e1b28eaf9f389d5e9d694a19776b6f4937a7a6da
  ReactiveCocoa: 12072a1a4768b988f1f5a0a8c171c96bf021c2ff
  SVProgressHUD: 7038ae9d6a0bd2c87560d2699eba642eef82d41e

COCOAPODS: 0.39.0
